<?xml version="1.0" encoding="utf-8"?>
<Project ToolsVersion="4.0" xmlns="http://schemas.microsoft.com/developer/msbuild/2003">
  <ItemGroup>
    <Filter Include="리소스 파일">
      <UniqueIdentifier>{67DA6AB6-F800-4c08-8B7A-83BB121AAD01}</UniqueIdentifier>
      <Extensions>rc;ico;cur;bmp;dlg;rc2;rct;bin;rgs;gif;jpg;jpeg;jpe;resx;tiff;tif;png;wav;mfcribbon-ms</Extensions>
    </Filter>
    <Filter Include="Main">
      <UniqueIdentifier>{9b317fb5-24d0-4ac1-b638-ed8e265f5b77}</UniqueIdentifier>
    </Filter>
    <Filter Include="Contents">
      <UniqueIdentifier>{fb0c52b3-b499-4dd3-b424-b69d5b64c8d0}</UniqueIdentifier>
    </Filter>
    <Filter Include="Contents\Scene">
      <UniqueIdentifier>{e815da94-dea3-4659-aea4-befa64a28ea9}</UniqueIdentifier>
    </Filter>
    <Filter Include="Engine">
      <UniqueIdentifier>{ab397515-c8cc-4f05-8351-1378422b1b1a}</UniqueIdentifier>
    </Filter>
    <Filter Include="Engine\Common">
      <UniqueIdentifier>{632edfd5-9bba-4857-b7eb-c543e20d2995}</UniqueIdentifier>
    </Filter>
    <Filter Include="Engine\Component">
      <UniqueIdentifier>{6cd28244-60d6-4c3e-80e2-c025eb160027}</UniqueIdentifier>
    </Filter>
    <Filter Include="Engine\Gameobject">
      <UniqueIdentifier>{e7262a87-1d87-485d-b1fe-5256b359eb83}</UniqueIdentifier>
    </Filter>
    <Filter Include="Engine\Input">
      <UniqueIdentifier>{27c76278-7f93-40a0-ab58-0ec6efaf3b19}</UniqueIdentifier>
    </Filter>
    <Filter Include="Engine\Layer">
      <UniqueIdentifier>{d30b7b1b-6e0a-4083-8a98-d97efe0c59d3}</UniqueIdentifier>
    </Filter>
    <Filter Include="Engine\Scene">
      <UniqueIdentifier>{fde39bea-8dad-4439-a815-b8c2204b6fb9}</UniqueIdentifier>
    </Filter>
    <Filter Include="Engine\Time">
      <UniqueIdentifier>{3a47766f-b30d-4077-ba64-89d94de05e8c}</UniqueIdentifier>
    </Filter>
    <Filter Include="Engine\Resource">
      <UniqueIdentifier>{77884589-4172-4b9a-8d4f-3c3cf068325f}</UniqueIdentifier>
    </Filter>
    <Filter Include="Contents\BG">
      <UniqueIdentifier>{72ac1bdf-1be9-49fc-ba17-c1dbfedca304}</UniqueIdentifier>
    </Filter>
    <Filter Include="Contents\BG\Ending">
      <UniqueIdentifier>{9b6c0645-cade-4eb1-a5bf-4daa87a156c9}</UniqueIdentifier>
    </Filter>
    <Filter Include="Contents\BG\Minigame">
      <UniqueIdentifier>{025d382c-1fb0-4fc7-9b17-80d55287f61b}</UniqueIdentifier>
    </Filter>
    <Filter Include="Engine\High Level Interface">
      <UniqueIdentifier>{cef209f9-34a4-4216-8320-4670c07160c9}</UniqueIdentifier>
    </Filter>
    <Filter Include="Contents\Scene\Choice">
      <UniqueIdentifier>{5f8ee7b5-f487-4f9d-8c3b-c4d3b02573dc}</UniqueIdentifier>
    </Filter>
    <Filter Include="Contents\Scene\Title">
      <UniqueIdentifier>{667600fb-eae9-423b-894a-0b4c61e1d61d}</UniqueIdentifier>
    </Filter>
    <Filter Include="Contents\Scene\Ending">
      <UniqueIdentifier>{15f350d0-6e92-4981-a6f4-0c024702809c}</UniqueIdentifier>
    </Filter>
    <Filter Include="Contents\Scene\Minigame">
      <UniqueIdentifier>{c9583911-2887-411e-ad38-4b4f21faf4cb}</UniqueIdentifier>
    </Filter>
    <Filter Include="Contents\Scene\Playgame">
      <UniqueIdentifier>{b9bd193f-e48d-4d93-aed8-2b038ec84254}</UniqueIdentifier>
    </Filter>
    <Filter Include="Contents\Player">
      <UniqueIdentifier>{24d91497-532e-438a-9376-ecaa353ecdda}</UniqueIdentifier>
    </Filter>
    <Filter Include="Contents\monster">
      <UniqueIdentifier>{8e595fef-1dd3-476a-ad46-9b385f261797}</UniqueIdentifier>
    </Filter>
    <Filter Include="Contents\Boss">
      <UniqueIdentifier>{97c0833c-17eb-4bf0-b17f-d748c1b0c738}</UniqueIdentifier>
    </Filter>
    <Filter Include="Engine\Component\Collider">
      <UniqueIdentifier>{334db0d7-9d2d-4760-9e63-20f2321cc9cb}</UniqueIdentifier>
    </Filter>
    <Filter Include="Contents\StageSave">
      <UniqueIdentifier>{bd31b8d1-50b6-412c-b415-96d018b8193f}</UniqueIdentifier>
    </Filter>
    <Filter Include="Engine\Camera">
      <UniqueIdentifier>{1c46ed71-ec27-4be3-a4a1-ed7f19402ad7}</UniqueIdentifier>
    </Filter>
    <Filter Include="Contents\Item">
      <UniqueIdentifier>{53ddea08-13f8-4dd6-b09c-97a5817aef5e}</UniqueIdentifier>
    </Filter>
    <Filter Include="Contents\BG\PlayBG">
      <UniqueIdentifier>{e0596fd9-b663-4eeb-b5ea-526d6c627281}</UniqueIdentifier>
    </Filter>
    <Filter Include="Contents\BG\TitleBG">
      <UniqueIdentifier>{254c8b8c-e64b-43c7-982b-72f3f31b642d}</UniqueIdentifier>
    </Filter>
    <Filter Include="Contents\BG\CharacterChoice BG">
      <UniqueIdentifier>{7e5461c1-7ac7-4306-9e79-177fb710bfd8}</UniqueIdentifier>
    </Filter>
    <Filter Include="Engine\Component\Animation">
      <UniqueIdentifier>{0198e478-bed3-4be7-99e1-2395db74a734}</UniqueIdentifier>
    </Filter>
    <Filter Include="Engine\Component\Base">
      <UniqueIdentifier>{a21234ef-755f-46a4-8c32-14a1aa74451c}</UniqueIdentifier>
    </Filter>
    <Filter Include="Engine\Component\Transform">
      <UniqueIdentifier>{4d11de15-856c-472c-b01d-c0cc3d8f7440}</UniqueIdentifier>
    </Filter>
    <Filter Include="Engine\Component\RigidBody">
      <UniqueIdentifier>{a8139cc2-c837-4e44-ab64-12763e195123}</UniqueIdentifier>
    </Filter>
    <Filter Include="Contents\BG\Alpa Blending">
      <UniqueIdentifier>{d3f89ba9-a0e6-45e8-acc9-c296dbd0cbef}</UniqueIdentifier>
    </Filter>
    <Filter Include="Contents\Player\Sonic">
      <UniqueIdentifier>{059bb951-2922-4fe9-8bf6-4ac3893441af}</UniqueIdentifier>
    </Filter>
    <Filter Include="Contents\Player\Sonic\minigame">
      <UniqueIdentifier>{261e9c6f-e816-4cbf-a841-8288247ac61a}</UniqueIdentifier>
    </Filter>
    <Filter Include="Contents\Player\Sonic\emelarld">
      <UniqueIdentifier>{cd4be9fb-4cd7-463c-90c7-3b51036c13b5}</UniqueIdentifier>
    </Filter>
    <Filter Include="Contents\Player\Sonic\Default">
      <UniqueIdentifier>{cd9b9e03-9e25-4d77-9713-2f936af8800a}</UniqueIdentifier>
    </Filter>
    <Filter Include="Contents\Player\Tails">
      <UniqueIdentifier>{5fa56f6e-94f7-43fb-8577-98738820222e}</UniqueIdentifier>
    </Filter>
    <Filter Include="Contents\Player\Tails\Tails_tail">
      <UniqueIdentifier>{b9380e70-3372-4277-b276-df1400338693}</UniqueIdentifier>
    </Filter>
    <Filter Include="Contents\Player\Tails\Tails_tail\Default">
      <UniqueIdentifier>{dd1976cb-2e95-4aa2-995a-5d618ab8a2a2}</UniqueIdentifier>
    </Filter>
    <Filter Include="Engine\Component\RigidBody\rotation">
      <UniqueIdentifier>{998b4ed3-5826-49e0-bab6-90585c160d06}</UniqueIdentifier>
    </Filter>
    <Filter Include="Contents\monster\Snake">
      <UniqueIdentifier>{91a4a755-46db-4417-8ce3-d1b611d0ed60}</UniqueIdentifier>
    </Filter>
    <Filter Include="Contents\monster\Canon">
      <UniqueIdentifier>{97af09c5-6d07-42c5-86b2-b22502bc2ef8}</UniqueIdentifier>
    </Filter>
    <Filter Include="Contents\monster\Monkey">
      <UniqueIdentifier>{741df653-54fd-4cb9-9bce-66e09095a63e}</UniqueIdentifier>
    </Filter>
    <Filter Include="Contents\monster\Rino-완료-">
      <UniqueIdentifier>{0e88a2e2-1176-4ec8-9926-06d8c41c3b2c}</UniqueIdentifier>
    </Filter>
    <Filter Include="Contents\monster\Animal">
      <UniqueIdentifier>{1f65b018-faa2-43b2-8598-6b9537b619d5}</UniqueIdentifier>
    </Filter>
    <Filter Include="Contents\BG\PlayBG\Event_bg">
      <UniqueIdentifier>{34b1d06c-6958-4148-b142-9753ee24bf36}</UniqueIdentifier>
    </Filter>
    <Filter Include="Contents\BG\PlayBG\Event_bg\Rock">
      <UniqueIdentifier>{188c79e0-e662-4cb6-b84e-7d3171fb21f6}</UniqueIdentifier>
    </Filter>
    <Filter Include="Contents\BG\PlayBG\Event_bg\Move_Ground">
      <UniqueIdentifier>{6c84059f-6a7e-4937-ba1e-b07da973f726}</UniqueIdentifier>
    </Filter>
    <Filter Include="Contents\BG\PlayBG\Event_bg\Spring">
      <UniqueIdentifier>{ab987dae-a76e-4f7c-a12e-96fd43fb21ae}</UniqueIdentifier>
    </Filter>
    <Filter Include="Contents\Item\Change_SONIC">
      <UniqueIdentifier>{04c6b5a4-6972-4013-ac32-7b3d9d7cfcfc}</UniqueIdentifier>
    </Filter>
    <Filter Include="Contents\Item\Event">
      <UniqueIdentifier>{dc13c7be-8c0d-4f8f-b748-9d2047d6a561}</UniqueIdentifier>
    </Filter>
    <Filter Include="Contents\Item\Ring">
      <UniqueIdentifier>{9b578b8f-bae8-4bd7-a733-eb0090fd0eff}</UniqueIdentifier>
    </Filter>
    <Filter Include="Contents\BG\PlayBG\Event_bg\Spike">
      <UniqueIdentifier>{4dd75745-01c4-47c4-9c3f-a97a7ab50ccd}</UniqueIdentifier>
    </Filter>
    <Filter Include="Contents\BG\PlayBG\Event_bg\JEEP_line">
      <UniqueIdentifier>{fd2638e1-2817-4a0b-85ee-247b7e482d23}</UniqueIdentifier>
    </Filter>
    <Filter Include="Contents\BG\PlayBG\Event_bg\Collapses Ground">
      <UniqueIdentifier>{69b7be78-998f-4938-85b3-f777001d145f}</UniqueIdentifier>
    </Filter>
    <Filter Include="Contents\BG\PlayBG\Event_bg\CYLINDER">
      <UniqueIdentifier>{5c4c1457-647b-4fd2-b8d7-a150d585bd00}</UniqueIdentifier>
    </Filter>
    <Filter Include="Contents\BG\PlayBG\BG_act1-1">
      <UniqueIdentifier>{13a480ef-1a77-4b8e-beab-c2d16791ebba}</UniqueIdentifier>
    </Filter>
    <Filter Include="Contents\Boss\Act1_boss">
      <UniqueIdentifier>{32dee091-3d23-43e9-a720-7c7f90587c5a}</UniqueIdentifier>
    </Filter>
    <Filter Include="Contents\Boss\Act1_minibos_show">
      <UniqueIdentifier>{0ae8e8fc-483e-4864-af45-ea205bfb64b4}</UniqueIdentifier>
    </Filter>
    <Filter Include="Contents\Boss\Act1_miniboss">
      <UniqueIdentifier>{1c0b293f-19d6-4e07-af9f-b03324634968}</UniqueIdentifier>
    </Filter>
    <Filter Include="Contents\BG\PlayBG\BG_act1-2">
      <UniqueIdentifier>{0d3c2548-8d21-46f1-a991-804e4029ed5f}</UniqueIdentifier>
    </Filter>
    <Filter Include="Contents\Scene\Playgame\Act1-1">
      <UniqueIdentifier>{b9ef15d3-36b7-4c3f-9dc2-7b2132f2a383}</UniqueIdentifier>
    </Filter>
    <Filter Include="Contents\Scene\Playgame\Act1-2">
      <UniqueIdentifier>{0da14897-cf50-45b8-b589-0256b793029a}</UniqueIdentifier>
    </Filter>
    <Filter Include="Contents\BG\PlayBG\Ground act1-2">
      <UniqueIdentifier>{92797704-beb1-4317-88ab-059972d715b6}</UniqueIdentifier>
    </Filter>
    <Filter Include="Contents\BG\PlayBG\Ground">
      <UniqueIdentifier>{9c1a1423-07ab-4243-9593-915adf8f4e16}</UniqueIdentifier>
    </Filter>
    <Filter Include="Contents\Boss\Act1_minibos_show\fire">
      <UniqueIdentifier>{2f0a74b0-7796-4d3b-ac9c-4dca23294df8}</UniqueIdentifier>
    </Filter>
    <Filter Include="Contents\Boss\Act1_minibos_show\lttle boss">
      <UniqueIdentifier>{26bd6aa4-699e-41bc-a7be-f09aba9890bb}</UniqueIdentifier>
    </Filter>
    <Filter Include="Contents\Boss\Act1_minibos_show\bullet">
      <UniqueIdentifier>{dbf38549-2ef7-4f5b-954d-450fe4daf549}</UniqueIdentifier>
    </Filter>
    <Filter Include="Contents\Boss\Act1_minibos_show\show">
      <UniqueIdentifier>{2552fdff-9ef6-4838-a445-9118e417b140}</UniqueIdentifier>
    </Filter>
    <Filter Include="Contents\Boss\Act1_miniboss\Bullet">
      <UniqueIdentifier>{2e7c2a7f-1174-417e-8373-ef5caf9db912}</UniqueIdentifier>
    </Filter>
    <Filter Include="Contents\Boss\Act1_miniboss\Dead">
      <UniqueIdentifier>{a1b4122b-e00a-4d0a-adf5-66176085a536}</UniqueIdentifier>
    </Filter>
    <Filter Include="Contents\BG\PlayBG\BG_act1-3">
      <UniqueIdentifier>{a1e539f3-d248-4c8f-a303-5146f603d760}</UniqueIdentifier>
    </Filter>
    <Filter Include="Contents\Scene\Playgame\Act1-3">
      <UniqueIdentifier>{125c8b09-be3f-4830-bdce-978a93526da7}</UniqueIdentifier>
    </Filter>
    <Filter Include="Contents\BG\PlayBG\Event_bg\Last_Bridge">
      <UniqueIdentifier>{d4526b4e-e174-45ec-a3d4-08543190e62e}</UniqueIdentifier>
    </Filter>
    <Filter Include="Contents\Boss\Act1_boss\BaseBullet">
      <UniqueIdentifier>{5e4b49b8-5c20-457e-be18-73e3c1fdd376}</UniqueIdentifier>
    </Filter>
    <Filter Include="Contents\BG\PlayBG\Circle_check">
      <UniqueIdentifier>{621f30a1-c21f-46f7-8d81-80e2942b04a6}</UniqueIdentifier>
    </Filter>
    <Filter Include="Contents\BG\PlayBG\Circle_check\Act1-1">
      <UniqueIdentifier>{936d05b2-5f64-4ba0-b9cc-fdb1cec70dd5}</UniqueIdentifier>
    </Filter>
    <Filter Include="Contents\BG\PlayBG\Circle_check\Act1-2">
      <UniqueIdentifier>{b4b121c0-baae-4293-b4e8-3557f46024da}</UniqueIdentifier>
    </Filter>
    <Filter Include="Contents\BG\PlayBG\Event_bg\Water-Effect">
      <UniqueIdentifier>{119e2283-2278-4e62-8a32-f0ef13f5391a}</UniqueIdentifier>
    </Filter>
    <Filter Include="Contents\BG\PlayBG\BG_act1-1\foreground">
      <UniqueIdentifier>{3b37e9d4-cd90-4dc2-a75b-89aad564b519}</UniqueIdentifier>
    </Filter>
    <Filter Include="Contents\BG\PlayBG\BG_act1-1\water">
      <UniqueIdentifier>{07dbca02-d806-45ab-8cd7-d089df68404b}</UniqueIdentifier>
    </Filter>
    <Filter Include="Contents\BG\PlayBG\BG_act1-1\Animation_bg">
      <UniqueIdentifier>{e4fb581a-ec1d-42ba-bc6e-971b8ac8e6fb}</UniqueIdentifier>
    </Filter>
    <Filter Include="Contents\BG\PlayBG\BG_act1-2\act1-2~act1-3 foreground">
      <UniqueIdentifier>{3bbff1f1-72fe-4085-a86f-8e5e1cb9c250}</UniqueIdentifier>
    </Filter>
    <Filter Include="Contents\BG\PlayBG\BG_act1-2\Animation">
      <UniqueIdentifier>{715a8c2b-baeb-416e-ba11-521a191461ac}</UniqueIdentifier>
    </Filter>
    <Filter Include="Contents\BG\PlayBG\BG_act1-2\Animation\Waterfall">
      <UniqueIdentifier>{f2cf466f-495a-4d6f-8f95-db19fe9df091}</UniqueIdentifier>
    </Filter>
    <Filter Include="Contents\BG\PlayBG\BG_act1-3\Animation">
      <UniqueIdentifier>{5e8dc6c9-4271-4f92-b4d3-700fa6d658d1}</UniqueIdentifier>
    </Filter>
    <Filter Include="Contents\BG\PlayBG\BG_act6">
      <UniqueIdentifier>{68648fa6-977d-4a71-a86d-ed963ac4f41e}</UniqueIdentifier>
    </Filter>
    <Filter Include="Contents\Scene\Playgame\Act6">
      <UniqueIdentifier>{451b297e-2324-4d4f-8ada-bff8222d0216}</UniqueIdentifier>
    </Filter>
    <Filter Include="Contents\BG\PlayBG\BG_act6\foreground">
      <UniqueIdentifier>{b6084534-aeaf-4f43-826d-fe02dc8e6cf0}</UniqueIdentifier>
    </Filter>
    <Filter Include="Contents\Boss\Act6_boss_first">
      <UniqueIdentifier>{34da5369-0cf9-48a0-9a1d-996bd1ce2d4f}</UniqueIdentifier>
    </Filter>
    <Filter Include="Contents\Boss\Act1_boss\boss_dead_effect">
      <UniqueIdentifier>{d8225a66-b0fb-4310-8b83-4ca44776da87}</UniqueIdentifier>
    </Filter>
    <Filter Include="Contents\Item\Fly_machine">
      <UniqueIdentifier>{479791d2-4bc6-40b1-875a-f704a2aa5911}</UniqueIdentifier>
    </Filter>
    <Filter Include="Contents\Boss\Act6_ Finall_Stage">
      <UniqueIdentifier>{4b28bdb3-8fad-4958-8b9e-4c49c1d9603d}</UniqueIdentifier>
    </Filter>
  </ItemGroup>
  <ItemGroup>
    <ClInclude Include="framework.h">
      <Filter>Main</Filter>
    </ClInclude>
    <ClInclude Include="Resource.h">
      <Filter>Main</Filter>
    </ClInclude>
    <ClInclude Include="SONIC_JK.h">
      <Filter>Main</Filter>
    </ClInclude>
    <ClInclude Include="targetver.h">
      <Filter>Main</Filter>
    </ClInclude>
    <ClInclude Include="Commoninclude.h">
      <Filter>Engine\Common</Filter>
    </ClInclude>
    <ClInclude Include="jk_Entity.h">
      <Filter>Engine\Common</Filter>
    </ClInclude>
    <ClInclude Include="jk_Enums.h">
      <Filter>Engine\Common</Filter>
    </ClInclude>
    <ClInclude Include="jk_Math.h">
      <Filter>Engine\Common</Filter>
    </ClInclude>
    <ClInclude Include="SONIC_Engine.h">
      <Filter>Engine\Common</Filter>
    </ClInclude>
    <ClInclude Include="jk_Gameobject.h">
      <Filter>Engine\Gameobject</Filter>
    </ClInclude>
    <ClInclude Include="jk_Application.h">
      <Filter>Engine\High Level Interface</Filter>
    </ClInclude>
    <ClInclude Include="jk_Input.h">
      <Filter>Engine\Input</Filter>
    </ClInclude>
    <ClInclude Include="jk_Layer.h">
      <Filter>Engine\Layer</Filter>
    </ClInclude>
    <ClInclude Include="jk_Time.h">
      <Filter>Engine\Time</Filter>
    </ClInclude>
    <ClInclude Include="jk_Scene.h">
      <Filter>Engine\Scene</Filter>
    </ClInclude>
    <ClInclude Include="jk_SceneManager.h">
      <Filter>Engine\Scene</Filter>
    </ClInclude>
    <ClInclude Include="jk_Resource.h">
      <Filter>Engine\Resource</Filter>
    </ClInclude>
    <ClInclude Include="jk_Resources.h">
      <Filter>Engine\Resource</Filter>
    </ClInclude>
    <ClInclude Include="jk_CharaterChoice.h">
      <Filter>Contents\BG\CharacterChoice BG</Filter>
    </ClInclude>
    <ClInclude Include="jk_Ending.h">
      <Filter>Contents\BG\Ending</Filter>
    </ClInclude>
    <ClInclude Include="jk_Minigame.h">
      <Filter>Contents\BG\Minigame</Filter>
    </ClInclude>
    <ClInclude Include="jk_Title.h">
      <Filter>Contents\BG\TitleBG</Filter>
    </ClInclude>
    <ClInclude Include="jk_ChatarcterChoiseSC.h">
      <Filter>Contents\Scene\Choice</Filter>
    </ClInclude>
    <ClInclude Include="jk_TitleScene.h">
      <Filter>Contents\Scene\Title</Filter>
    </ClInclude>
    <ClInclude Include="jk_EndingScene.h">
      <Filter>Contents\Scene\Ending</Filter>
    </ClInclude>
    <ClInclude Include="jk_MinigameScene.h">
      <Filter>Contents\Scene\Minigame</Filter>
    </ClInclude>
    <ClInclude Include="jk_BaseBullet.h">
      <Filter>Contents\Boss\Act1_boss\BaseBullet</Filter>
    </ClInclude>
    <ClInclude Include="jk_Collider.h">
      <Filter>Engine\Component\Collider</Filter>
    </ClInclude>
    <ClInclude Include="jk_Image.h">
      <Filter>Engine\Resource</Filter>
    </ClInclude>
    <ClInclude Include="jk_CollisionManager.h">
      <Filter>Engine\Component\Collider</Filter>
    </ClInclude>
    <ClInclude Include="jk_StageSave.h">
      <Filter>Contents\StageSave</Filter>
    </ClInclude>
    <ClInclude Include="jk_Camera.h">
      <Filter>Engine\Camera</Filter>
    </ClInclude>
    <ClInclude Include="jk_Object.h">
      <Filter>Engine\Gameobject</Filter>
    </ClInclude>
    <ClInclude Include="jk_Airplanetails.h">
      <Filter>Contents\BG\TitleBG</Filter>
    </ClInclude>
    <ClInclude Include="jk_Titlesonic.h">
      <Filter>Contents\BG\TitleBG</Filter>
    </ClInclude>
    <ClInclude Include="JK_TitleSN.h">
      <Filter>Contents\BG\TitleBG</Filter>
    </ClInclude>
    <ClInclude Include="jk_ChoiceCC.h">
      <Filter>Contents\BG\CharacterChoice BG</Filter>
    </ClInclude>
    <ClInclude Include="jk_Animator.h">
      <Filter>Engine\Component\Animation</Filter>
    </ClInclude>
    <ClInclude Include="jk_Animation.h">
      <Filter>Engine\Component\Animation</Filter>
    </ClInclude>
    <ClInclude Include="jk_Component.h">
      <Filter>Engine\Component\Base</Filter>
    </ClInclude>
    <ClInclude Include="jk_Transform.h">
      <Filter>Engine\Component\Transform</Filter>
    </ClInclude>
    <ClInclude Include="Rigidbody.h">
      <Filter>Engine\Component\RigidBody</Filter>
    </ClInclude>
    <ClInclude Include="jk_Blending.h">
      <Filter>Contents\BG\Alpa Blending</Filter>
    </ClInclude>
    <ClInclude Include="EndingBlend.h">
      <Filter>Contents\BG\Alpa Blending</Filter>
    </ClInclude>
    <ClInclude Include="jk_EmeraldSonic.h">
      <Filter>Contents\Player\Sonic\emelarld</Filter>
    </ClInclude>
    <ClInclude Include="jk_SONIC.h">
      <Filter>Contents\Player\Sonic\Default</Filter>
    </ClInclude>
    <ClInclude Include="jk_Tails.h">
      <Filter>Contents\Player\Tails</Filter>
    </ClInclude>
    <ClInclude Include="jk_tail_jump.h">
      <Filter>Contents\Player\Tails\Tails_tail\Default</Filter>
    </ClInclude>
    <ClInclude Include="jk_tails_tail.h">
      <Filter>Contents\Player\Tails\Tails_tail\Default</Filter>
    </ClInclude>
    <ClInclude Include="Electsonic.h">
      <Filter>Contents\Player\Sonic\Default</Filter>
    </ClInclude>
    <ClInclude Include="SonicState.h" />
    <ClInclude Include="Rigdbody_L.h">
      <Filter>Engine\Component\RigidBody\rotation</Filter>
    </ClInclude>
    <ClInclude Include="Rigdbody_R.h">
      <Filter>Engine\Component\RigidBody\rotation</Filter>
    </ClInclude>
    <ClInclude Include="jk_Snake.h">
      <Filter>Contents\monster\Snake</Filter>
    </ClInclude>
    <ClInclude Include="jk_Cannon.h">
      <Filter>Contents\monster\Canon</Filter>
    </ClInclude>
    <ClInclude Include="jk_Snake_Body_Smoke.h">
      <Filter>Contents\monster\Snake</Filter>
    </ClInclude>
    <ClInclude Include="jk_Snake_Body.h">
      <Filter>Contents\monster\Snake</Filter>
    </ClInclude>
    <ClInclude Include="jk_Snake_body2.h">
      <Filter>Contents\monster\Snake</Filter>
    </ClInclude>
    <ClInclude Include="jk_Snake_mTaIl.h">
      <Filter>Contents\monster\Snake</Filter>
    </ClInclude>
    <ClInclude Include="jk_Snake_Tail_End.h">
      <Filter>Contents\monster\Snake</Filter>
    </ClInclude>
    <ClInclude Include="jk_Monkey.h">
      <Filter>Contents\monster\Monkey</Filter>
    </ClInclude>
    <ClInclude Include="jk_Monster.h">
      <Filter>Contents\monster\Rino-완료-</Filter>
    </ClInclude>
    <ClInclude Include="jk_Monket_Bullet.h">
      <Filter>Contents\monster\Monkey</Filter>
    </ClInclude>
    <ClInclude Include="jk_Canon_Bullet.h">
      <Filter>Contents\monster\Canon</Filter>
    </ClInclude>
    <ClInclude Include="jk_Animal.h">
      <Filter>Contents\monster\Animal</Filter>
    </ClInclude>
    <ClInclude Include="jk_Act1_BG_object.h">
      <Filter>Contents\BG\PlayBG\BG_act1-1</Filter>
    </ClInclude>
    <ClInclude Include="jk_Rock_big.h">
      <Filter>Contents\BG\PlayBG\Event_bg\Rock</Filter>
    </ClInclude>
    <ClInclude Include="jk_Rock_middle.h">
      <Filter>Contents\BG\PlayBG\Event_bg\Rock</Filter>
    </ClInclude>
    <ClInclude Include="jk_Rock_Pice.h">
      <Filter>Contents\BG\PlayBG\Event_bg\Rock</Filter>
    </ClInclude>
    <ClInclude Include="jk_Rock_small.h">
      <Filter>Contents\BG\PlayBG\Event_bg\Rock</Filter>
    </ClInclude>
    <ClInclude Include="jk_Move_GR.h">
      <Filter>Contents\BG\PlayBG\Event_bg\Move_Ground</Filter>
    </ClInclude>
    <ClInclude Include="jk_Spring_Up.h">
      <Filter>Contents\BG\PlayBG\Event_bg\Spring</Filter>
    </ClInclude>
    <ClInclude Include="jk_Item.h">
      <Filter>Contents\Item\Change_SONIC</Filter>
    </ClInclude>
    <ClInclude Include="jk_Item_Fire.h">
      <Filter>Contents\Item\Change_SONIC</Filter>
    </ClInclude>
    <ClInclude Include="jk_ItemBigRing.h">
      <Filter>Contents\Item\Event</Filter>
    </ClInclude>
    <ClInclude Include="jk_MGEmerald.h">
      <Filter>Contents\Item\Event</Filter>
    </ClInclude>
    <ClInclude Include="jk_Ring.h">
      <Filter>Contents\Item\Ring</Filter>
    </ClInclude>
    <ClInclude Include="jk_Ring_Falling.h">
      <Filter>Contents\Item\Ring</Filter>
    </ClInclude>
    <ClInclude Include="jk_Item_water.h">
      <Filter>Contents\Item\Change_SONIC</Filter>
    </ClInclude>
    <ClInclude Include="jk_Item_super.h">
      <Filter>Contents\Item\Change_SONIC</Filter>
    </ClInclude>
    <ClInclude Include="jk_Spring_Left.h">
      <Filter>Contents\BG\PlayBG\Event_bg\Spring</Filter>
    </ClInclude>
    <ClInclude Include="jk_Spike_Up.h">
      <Filter>Contents\BG\PlayBG\Event_bg\Spike</Filter>
    </ClInclude>
    <ClInclude Include="jk_Jeep_line_Handle.h">
      <Filter>Contents\BG\PlayBG\Event_bg\JEEP_line</Filter>
    </ClInclude>
    <ClInclude Include="jk_Jeep_line.h">
      <Filter>Contents\BG\PlayBG\Event_bg\JEEP_line</Filter>
    </ClInclude>
    <ClInclude Include="jk_Collapses_Ground.h">
      <Filter>Contents\BG\PlayBG\Event_bg\Collapses Ground</Filter>
    </ClInclude>
    <ClInclude Include="jk_Callapses.h">
      <Filter>Contents\BG\PlayBG\Event_bg\Collapses Ground</Filter>
    </ClInclude>
    <ClInclude Include="jk_Choice_select.h">
      <Filter>Contents\BG\CharacterChoice BG</Filter>
    </ClInclude>
    <ClInclude Include="jk_check1.h">
      <Filter>Contents\BG\PlayBG\Circle_check\Act1-1</Filter>
    </ClInclude>
    <ClInclude Include="jk_Cylinder.h">
      <Filter>Contents\BG\PlayBG\Event_bg\CYLINDER</Filter>
    </ClInclude>
    <ClInclude Include="jk_Boss.h">
      <Filter>Contents\Boss\Act1_boss</Filter>
    </ClInclude>
    <ClInclude Include="jk_Minibos.h">
      <Filter>Contents\Boss\Act1_miniboss</Filter>
    </ClInclude>
    <ClInclude Include="jk_check2.h">
      <Filter>Contents\BG\PlayBG\Circle_check\Act1-1</Filter>
    </ClInclude>
    <ClInclude Include="jk_PlayScene.h">
      <Filter>Contents\Scene\Playgame\Act1-1</Filter>
    </ClInclude>
    <ClInclude Include="jk_PlayScene2.h">
      <Filter>Contents\Scene\Playgame\Act1-2</Filter>
    </ClInclude>
    <ClInclude Include="jk_Act1_2_BG.h">
      <Filter>Contents\BG\PlayBG\BG_act1-2</Filter>
    </ClInclude>
    <ClInclude Include="jk_Ground.h">
      <Filter>Contents\BG\PlayBG\Ground</Filter>
    </ClInclude>
    <ClInclude Include="jk_Ground_act1_2.h">
      <Filter>Contents\BG\PlayBG\Ground act1-2</Filter>
    </ClInclude>
    <ClInclude Include="jk_fire_show.h">
      <Filter>Contents\Boss\Act1_minibos_show\fire</Filter>
    </ClInclude>
    <ClInclude Include="jk_Lttle_miniboss.h">
      <Filter>Contents\Boss\Act1_minibos_show\lttle boss</Filter>
    </ClInclude>
    <ClInclude Include="jk_midlle_boss_shoot.h">
      <Filter>Contents\Boss\Act1_minibos_show\bullet</Filter>
    </ClInclude>
    <ClInclude Include="jk_minibos_show.h">
      <Filter>Contents\Boss\Act1_minibos_show\show</Filter>
    </ClInclude>
    <ClInclude Include="jk_Clean_wall.h" />
    <ClInclude Include="jk_Collapses_GR_left.h">
      <Filter>Contents\BG\PlayBG\Event_bg\Collapses Ground</Filter>
    </ClInclude>
    <ClInclude Include="mBoss_BL_R.h">
      <Filter>Contents\Boss\Act1_miniboss\Bullet</Filter>
    </ClInclude>
    <ClInclude Include="mBoss_Bl_L.h">
      <Filter>Contents\Boss\Act1_miniboss\Bullet</Filter>
    </ClInclude>
    <ClInclude Include="mB_Ldeath.h">
      <Filter>Contents\Boss\Act1_miniboss\Dead</Filter>
    </ClInclude>
    <ClInclude Include="mB_Rdeath.h">
      <Filter>Contents\Boss\Act1_miniboss\Dead</Filter>
    </ClInclude>
    <ClInclude Include="jk_Act1_3_BG.h">
      <Filter>Contents\BG\PlayBG\BG_act1-3</Filter>
    </ClInclude>
    <ClInclude Include="jk_PlayScene3.h">
      <Filter>Contents\Scene\Playgame\Act1-3</Filter>
    </ClInclude>
    <ClInclude Include="jk_Last_Bridge.h">
      <Filter>Contents\BG\PlayBG\Event_bg\Last_Bridge</Filter>
    </ClInclude>
    <ClInclude Include="Bullet_Act1_R_Side.h">
      <Filter>Contents\Boss\Act1_boss\BaseBullet</Filter>
    </ClInclude>
    <ClInclude Include="Bullet_Act1_L_DIA.h">
      <Filter>Contents\Boss\Act1_boss\BaseBullet</Filter>
    </ClInclude>
    <ClInclude Include="Bullet_Act1_L_Side.h">
      <Filter>Contents\Boss\Act1_boss\BaseBullet</Filter>
    </ClInclude>
    <ClInclude Include="Bullet_Act1_R_DIA.h">
      <Filter>Contents\Boss\Act1_boss\BaseBullet</Filter>
    </ClInclude>
    <ClInclude Include="bullet_wall.h">
      <Filter>Contents\Boss\Act1_boss\BaseBullet</Filter>
    </ClInclude>
    <ClInclude Include="Jeepline_play.h">
      <Filter>Contents\BG\PlayBG\Event_bg\JEEP_line</Filter>
    </ClInclude>
    <ClInclude Include="jk_check_circle.h">
      <Filter>Contents\BG\PlayBG\Circle_check\Act1-2</Filter>
    </ClInclude>
    <ClInclude Include="jk_Water_effect.h">
      <Filter>Contents\BG\PlayBG\Event_bg\Water-Effect</Filter>
    </ClInclude>
    <ClInclude Include="Act1_2_sky1.h">
      <Filter>Contents\BG\PlayBG\BG_act1-2\act1-2~act1-3 foreground</Filter>
    </ClInclude>
    <ClInclude Include="Act1_2_sky2.h">
      <Filter>Contents\BG\PlayBG\BG_act1-2\act1-2~act1-3 foreground</Filter>
    </ClInclude>
    <ClInclude Include="Act1_2_sky3.h">
      <Filter>Contents\BG\PlayBG\BG_act1-2\act1-2~act1-3 foreground</Filter>
    </ClInclude>
    <ClInclude Include="Act1_2_sky4.h">
      <Filter>Contents\BG\PlayBG\BG_act1-2\act1-2~act1-3 foreground</Filter>
    </ClInclude>
    <ClInclude Include="Act1_2_sky5.h">
      <Filter>Contents\BG\PlayBG\BG_act1-2\act1-2~act1-3 foreground</Filter>
    </ClInclude>
    <ClInclude Include="acr1_forest2.h">
      <Filter>Contents\BG\PlayBG\BG_act1-1\foreground</Filter>
    </ClInclude>
    <ClInclude Include="act1_forest1.h">
      <Filter>Contents\BG\PlayBG\BG_act1-1\foreground</Filter>
    </ClInclude>
    <ClInclude Include="midlesky.h">
      <Filter>Contents\BG\PlayBG\BG_act1-1\foreground</Filter>
    </ClInclude>
    <ClInclude Include="jk_Act1skyBG.h">
      <Filter>Contents\BG\PlayBG\BG_act1-1\foreground</Filter>
    </ClInclude>
    <ClInclude Include="jk_Sky.h">
      <Filter>Contents\BG\PlayBG\BG_act1-1\foreground</Filter>
    </ClInclude>
    <ClInclude Include="jk_Act1_Water.h">
      <Filter>Contents\BG\PlayBG\BG_act1-1\water</Filter>
    </ClInclude>
    <ClInclude Include="act1_waterfall1.h">
      <Filter>Contents\BG\PlayBG\BG_act1-1\Animation_bg</Filter>
    </ClInclude>
    <ClInclude Include="act1_waterfall2.h">
      <Filter>Contents\BG\PlayBG\BG_act1-1\Animation_bg</Filter>
    </ClInclude>
    <ClInclude Include="act1_waterfall3.h">
      <Filter>Contents\BG\PlayBG\BG_act1-1\Animation_bg</Filter>
    </ClInclude>
    <ClInclude Include="act1_flower1.h">
      <Filter>Contents\BG\PlayBG\BG_act1-1\Animation_bg</Filter>
    </ClInclude>
    <ClInclude Include="act1_flower2.h">
      <Filter>Contents\BG\PlayBG\BG_act1-1\Animation_bg</Filter>
    </ClInclude>
    <ClInclude Include="act2_waterfall1.h">
      <Filter>Contents\BG\PlayBG\BG_act1-2\Animation\Waterfall</Filter>
    </ClInclude>
    <ClInclude Include="act2_waterfall_2.h">
      <Filter>Contents\BG\PlayBG\BG_act1-2\Animation\Waterfall</Filter>
    </ClInclude>
    <ClInclude Include="act2_waterfall3.h">
      <Filter>Contents\BG\PlayBG\BG_act1-2\Animation\Waterfall</Filter>
    </ClInclude>
    <ClInclude Include="act3_waterfall1.h">
      <Filter>Contents\BG\PlayBG\BG_act1-3\Animation</Filter>
    </ClInclude>
    <ClInclude Include="act2_water.h">
      <Filter>Contents\BG\PlayBG\BG_act1-2\Animation</Filter>
    </ClInclude>
    <ClInclude Include="jk_Act6_BG.h">
      <Filter>Contents\BG\PlayBG\BG_act6</Filter>
    </ClInclude>
    <ClInclude Include="jk_PlayScene4.h">
      <Filter>Contents\Scene\Playgame\Act6</Filter>
    </ClInclude>
    <ClInclude Include="act6_sky1.h">
      <Filter>Contents\BG\PlayBG\BG_act6\foreground</Filter>
    </ClInclude>
    <ClInclude Include="act6_sky2.h">
      <Filter>Contents\BG\PlayBG\BG_act6\foreground</Filter>
    </ClInclude>
    <ClInclude Include="act6_sky3.h">
      <Filter>Contents\BG\PlayBG\BG_act6\foreground</Filter>
    </ClInclude>
    <ClInclude Include="act6_sky4.h">
      <Filter>Contents\BG\PlayBG\BG_act6\foreground</Filter>
    </ClInclude>
    <ClInclude Include="act6_sky6.h">
      <Filter>Contents\BG\PlayBG\BG_act6\foreground</Filter>
    </ClInclude>
    <ClInclude Include="act6_sky5.h">
      <Filter>Contents\BG\PlayBG\BG_act6\foreground</Filter>
    </ClInclude>
    <ClInclude Include="act6_sky7.h">
      <Filter>Contents\BG\PlayBG\BG_act6\foreground</Filter>
    </ClInclude>
    <ClInclude Include="Boss_Run.h">
      <Filter>Contents\Boss\Act1_boss</Filter>
    </ClInclude>
    <ClInclude Include="Boss_act1_boomb.h">
      <Filter>Contents\Boss\Act1_boss\boss_dead_effect</Filter>
    </ClInclude>
    <ClInclude Include="boss_come.h">
      <Filter>Contents\Boss\Act6_boss_first</Filter>
    </ClInclude>
    <ClInclude Include="boss1_body.h">
      <Filter>Contents\Boss\Act6_boss_first</Filter>
    </ClInclude>
    <ClInclude Include="boss1_object.h">
      <Filter>Contents\Boss\Act6_boss_first</Filter>
    </ClInclude>
    <ClInclude Include="act6_bullet1.h">
      <Filter>Contents\Boss\Act6_boss_first</Filter>
    </ClInclude>
    <ClInclude Include="Robotnic_machine.h">
      <Filter>Contents\Item\Fly_machine</Filter>
    </ClInclude>
    <ClInclude Include="finall_stage.h">
      <Filter>Contents\Boss\Act6_ Finall_Stage</Filter>
    </ClInclude>
  </ItemGroup>
  <ItemGroup>
    <ResourceCompile Include="SONIC_JK.rc">
      <Filter>리소스 파일</Filter>
    </ResourceCompile>
  </ItemGroup>
  <ItemGroup>
    <Image Include="small.ico">
      <Filter>리소스 파일</Filter>
    </Image>
    <Image Include="SONIC_JK.ico">
      <Filter>리소스 파일</Filter>
    </Image>
  </ItemGroup>
  <ItemGroup>
    <ClCompile Include="main.cpp">
      <Filter>Main</Filter>
    </ClCompile>
    <ClCompile Include="jk_Entity.cpp">
      <Filter>Engine\Common</Filter>
    </ClCompile>
    <ClCompile Include="jk_Math.cpp">
      <Filter>Engine\Common</Filter>
    </ClCompile>
    <ClCompile Include="jk_Gameobject.cpp">
      <Filter>Engine\Gameobject</Filter>
    </ClCompile>
    <ClCompile Include="jk_Application.cpp">
      <Filter>Engine\High Level Interface</Filter>
    </ClCompile>
    <ClCompile Include="jk_Input.cpp">
      <Filter>Engine\Input</Filter>
    </ClCompile>
    <ClCompile Include="jk_Layer.cpp">
      <Filter>Engine\Layer</Filter>
    </ClCompile>
    <ClCompile Include="jk_Time.cpp">
      <Filter>Engine\Time</Filter>
    </ClCompile>
    <ClCompile Include="jk_Scene.cpp">
      <Filter>Engine\Scene</Filter>
    </ClCompile>
    <ClCompile Include="jk_SceneManager.cpp">
      <Filter>Engine\Scene</Filter>
    </ClCompile>
    <ClCompile Include="jk_Resource.cpp">
      <Filter>Engine\Resource</Filter>
    </ClCompile>
    <ClCompile Include="jk_Resources.cpp">
      <Filter>Engine\Resource</Filter>
    </ClCompile>
    <ClCompile Include="jk_CharaterChoice.cpp">
      <Filter>Contents\BG\CharacterChoice BG</Filter>
    </ClCompile>
    <ClCompile Include="jk_Ending.cpp">
      <Filter>Contents\BG\Ending</Filter>
    </ClCompile>
    <ClCompile Include="jk_Minigame.cpp">
      <Filter>Contents\BG\Minigame</Filter>
    </ClCompile>
    <ClCompile Include="jk_Title.cpp">
      <Filter>Contents\BG\TitleBG</Filter>
    </ClCompile>
    <ClCompile Include="jk_ChatarcterChoiseSC.cpp">
      <Filter>Contents\Scene\Choice</Filter>
    </ClCompile>
    <ClCompile Include="jk_TitleScene.cpp">
      <Filter>Contents\Scene\Title</Filter>
    </ClCompile>
    <ClCompile Include="jk_EndingScene.cpp">
      <Filter>Contents\Scene\Ending</Filter>
    </ClCompile>
    <ClCompile Include="jk_MinigameScene.cpp">
      <Filter>Contents\Scene\Minigame</Filter>
    </ClCompile>
    <ClCompile Include="jk_BaseBullet.cpp">
      <Filter>Contents\Boss\Act1_boss\BaseBullet</Filter>
    </ClCompile>
    <ClCompile Include="jk_Collider.cpp">
      <Filter>Engine\Component\Collider</Filter>
    </ClCompile>
    <ClCompile Include="jk_Image.cpp">
      <Filter>Engine\Resource</Filter>
    </ClCompile>
    <ClCompile Include="jk_CollisionManager.cpp">
      <Filter>Engine\Component\Collider</Filter>
    </ClCompile>
    <ClCompile Include="jk_StageSave.cpp">
      <Filter>Contents\StageSave</Filter>
    </ClCompile>
    <ClCompile Include="jk_Camera.cpp">
      <Filter>Engine\Camera</Filter>
    </ClCompile>
    <ClCompile Include="jk_Airplanetails.cpp">
      <Filter>Contents\BG\TitleBG</Filter>
    </ClCompile>
    <ClCompile Include="jk_Titlesonic.cpp">
      <Filter>Contents\BG\TitleBG</Filter>
    </ClCompile>
    <ClCompile Include="JK_TitleSN.cpp">
      <Filter>Contents\BG\TitleBG</Filter>
    </ClCompile>
    <ClCompile Include="jk_ChoiceCC.cpp">
      <Filter>Contents\BG\CharacterChoice BG</Filter>
    </ClCompile>
    <ClCompile Include="jk_Animator.cpp">
      <Filter>Engine\Component\Animation</Filter>
    </ClCompile>
    <ClCompile Include="jk_Animation.cpp">
      <Filter>Engine\Component\Animation</Filter>
    </ClCompile>
    <ClCompile Include="jk_Component.cpp">
      <Filter>Engine\Component\Base</Filter>
    </ClCompile>
    <ClCompile Include="jk_Transform.cpp">
      <Filter>Engine\Component\Transform</Filter>
    </ClCompile>
    <ClCompile Include="Rigidbody.cpp">
      <Filter>Engine\Component\RigidBody</Filter>
    </ClCompile>
    <ClCompile Include="jk_Blending.cpp">
      <Filter>Contents\BG\Alpa Blending</Filter>
    </ClCompile>
    <ClCompile Include="EndingBlend.cpp">
      <Filter>Contents\BG\Alpa Blending</Filter>
    </ClCompile>
    <ClCompile Include="jk_EmeraldSonic.cpp">
      <Filter>Contents\Player\Sonic\emelarld</Filter>
    </ClCompile>
    <ClCompile Include="jk_SONIC.cpp">
      <Filter>Contents\Player\Sonic\Default</Filter>
    </ClCompile>
    <ClCompile Include="jk_Tails.cpp">
      <Filter>Contents\Player\Tails</Filter>
    </ClCompile>
    <ClCompile Include="jk_tail_jump.cpp">
      <Filter>Contents\Player\Tails\Tails_tail\Default</Filter>
    </ClCompile>
    <ClCompile Include="jk_tails_tail.cpp">
      <Filter>Contents\Player\Tails\Tails_tail\Default</Filter>
    </ClCompile>
    <ClCompile Include="Electsonic.cpp">
      <Filter>Contents\Player\Sonic\Default</Filter>
    </ClCompile>
    <ClCompile Include="Rigdbody_L.cpp">
      <Filter>Engine\Component\RigidBody\rotation</Filter>
    </ClCompile>
    <ClCompile Include="Rigdbody_R.cpp">
      <Filter>Engine\Component\RigidBody\rotation</Filter>
    </ClCompile>
    <ClCompile Include="jk_Snake.cpp">
      <Filter>Contents\monster\Snake</Filter>
    </ClCompile>
    <ClCompile Include="jk_Cannon.cpp">
      <Filter>Contents\monster\Canon</Filter>
    </ClCompile>
    <ClCompile Include="jk_Snake_Body_Smoke.cpp">
      <Filter>Contents\monster\Snake</Filter>
    </ClCompile>
    <ClCompile Include="jk_Snake_Body.cpp">
      <Filter>Contents\monster\Snake</Filter>
    </ClCompile>
    <ClCompile Include="jk_Snake_body2.cpp">
      <Filter>Contents\monster\Snake</Filter>
    </ClCompile>
    <ClCompile Include="jk_Snake_mTaIl.cpp">
      <Filter>Contents\monster\Snake</Filter>
    </ClCompile>
    <ClCompile Include="jk_Snake_Tail_End.cpp">
      <Filter>Contents\monster\Snake</Filter>
    </ClCompile>
    <ClCompile Include="jk_Monkey.cpp">
      <Filter>Contents\monster\Monkey</Filter>
    </ClCompile>
    <ClCompile Include="jk_Monster.cpp">
      <Filter>Contents\monster\Rino-완료-</Filter>
    </ClCompile>
    <ClCompile Include="jk_Monket_Bullet.cpp">
      <Filter>Contents\monster\Monkey</Filter>
    </ClCompile>
    <ClCompile Include="jk_Canon_Bullet.cpp">
      <Filter>Contents\monster\Canon</Filter>
    </ClCompile>
    <ClCompile Include="jk_Animal.cpp">
      <Filter>Contents\monster\Animal</Filter>
    </ClCompile>
    <ClCompile Include="jk_Act1_BG_object.cpp">
      <Filter>Contents\BG\PlayBG\BG_act1-1</Filter>
    </ClCompile>
    <ClCompile Include="jk_Rock_big.cpp">
      <Filter>Contents\BG\PlayBG\Event_bg\Rock</Filter>
    </ClCompile>
    <ClCompile Include="jk_Rock_middle.cpp">
      <Filter>Contents\BG\PlayBG\Event_bg\Rock</Filter>
    </ClCompile>
    <ClCompile Include="jk_Rock_Pice.cpp">
      <Filter>Contents\BG\PlayBG\Event_bg\Rock</Filter>
    </ClCompile>
    <ClCompile Include="jk_Rock_small.cpp">
      <Filter>Contents\BG\PlayBG\Event_bg\Rock</Filter>
    </ClCompile>
    <ClCompile Include="jk_Move_GR.cpp">
      <Filter>Contents\BG\PlayBG\Event_bg\Move_Ground</Filter>
    </ClCompile>
    <ClCompile Include="jk_Spring_Up.cpp">
      <Filter>Contents\BG\PlayBG\Event_bg\Spring</Filter>
    </ClCompile>
    <ClCompile Include="jk_Item.cpp">
      <Filter>Contents\Item\Change_SONIC</Filter>
    </ClCompile>
    <ClCompile Include="jk_Item_Fire.cpp">
      <Filter>Contents\Item\Change_SONIC</Filter>
    </ClCompile>
    <ClCompile Include="jk_ItemBigRing.cpp">
      <Filter>Contents\Item\Event</Filter>
    </ClCompile>
    <ClCompile Include="jk_MGEmerald.cpp">
      <Filter>Contents\Item\Event</Filter>
    </ClCompile>
    <ClCompile Include="jk_Ring.cpp">
      <Filter>Contents\Item\Ring</Filter>
    </ClCompile>
    <ClCompile Include="jk_Ring_Falling.cpp">
      <Filter>Contents\Item\Ring</Filter>
    </ClCompile>
    <ClCompile Include="jk_Item_water.cpp">
      <Filter>Contents\Item\Change_SONIC</Filter>
    </ClCompile>
    <ClCompile Include="jk_Item_super.cpp">
      <Filter>Contents\Item\Change_SONIC</Filter>
    </ClCompile>
    <ClCompile Include="jk_Spring_Left.cpp">
      <Filter>Contents\BG\PlayBG\Event_bg\Spring</Filter>
    </ClCompile>
    <ClCompile Include="jk_Spike_Up.cpp">
      <Filter>Contents\BG\PlayBG\Event_bg\Spike</Filter>
    </ClCompile>
    <ClCompile Include="jk_Jeep_line.cpp">
      <Filter>Contents\BG\PlayBG\Event_bg\JEEP_line</Filter>
    </ClCompile>
    <ClCompile Include="jk_Jeep_line_Handle.cpp">
      <Filter>Contents\BG\PlayBG\Event_bg\JEEP_line</Filter>
    </ClCompile>
    <ClCompile Include="jk_Collapses_Ground.cpp">
      <Filter>Contents\BG\PlayBG\Event_bg\Collapses Ground</Filter>
    </ClCompile>
    <ClCompile Include="jk_Callapses.cpp">
      <Filter>Contents\BG\PlayBG\Event_bg\Collapses Ground</Filter>
    </ClCompile>
    <ClCompile Include="jk_Choice_select.cpp">
      <Filter>Contents\BG\CharacterChoice BG</Filter>
    </ClCompile>
    <ClCompile Include="jk_check1.cpp">
      <Filter>Contents\BG\PlayBG\Circle_check\Act1-1</Filter>
    </ClCompile>
    <ClCompile Include="jk_Cylinder.cpp">
      <Filter>Contents\BG\PlayBG\Event_bg\CYLINDER</Filter>
    </ClCompile>
    <ClCompile Include="jk_Boss.cpp">
      <Filter>Contents\Boss\Act1_boss</Filter>
    </ClCompile>
    <ClCompile Include="jk_Minibos.cpp">
      <Filter>Contents\Boss\Act1_miniboss</Filter>
    </ClCompile>
    <ClCompile Include="jk_check2.cpp">
      <Filter>Contents\BG\PlayBG\Circle_check\Act1-1</Filter>
    </ClCompile>
    <ClCompile Include="jk_PlayScene.cpp">
      <Filter>Contents\Scene\Playgame\Act1-1</Filter>
    </ClCompile>
    <ClCompile Include="jk_PlayScene2.cpp">
      <Filter>Contents\Scene\Playgame\Act1-2</Filter>
    </ClCompile>
    <ClCompile Include="jk_Act1_2_BG.cpp">
      <Filter>Contents\BG\PlayBG\BG_act1-2</Filter>
    </ClCompile>
    <ClCompile Include="jk_Ground.cpp">
      <Filter>Contents\BG\PlayBG\Ground</Filter>
    </ClCompile>
    <ClCompile Include="jk_Ground_act1_2.cpp">
      <Filter>Contents\BG\PlayBG\Ground act1-2</Filter>
    </ClCompile>
    <ClCompile Include="jk_fire_show.cpp">
      <Filter>Contents\Boss\Act1_minibos_show\fire</Filter>
    </ClCompile>
    <ClCompile Include="jk_Lttle_miniboss.cpp">
      <Filter>Contents\Boss\Act1_minibos_show\lttle boss</Filter>
    </ClCompile>
    <ClCompile Include="jk_midlle_boss_shoot.cpp">
      <Filter>Contents\Boss\Act1_minibos_show\bullet</Filter>
    </ClCompile>
    <ClCompile Include="jk_minibos_show.cpp">
      <Filter>Contents\Boss\Act1_minibos_show\show</Filter>
    </ClCompile>
    <ClCompile Include="jk_Clean_wall.cpp" />
    <ClCompile Include="jk_Collapses_GR_left.cpp">
      <Filter>Contents\BG\PlayBG\Event_bg\Collapses Ground</Filter>
    </ClCompile>
    <ClCompile Include="mBoss_Bl_L.cpp">
      <Filter>Contents\Boss\Act1_miniboss\Bullet</Filter>
    </ClCompile>
    <ClCompile Include="mBoss_BL_R.cpp">
      <Filter>Contents\Boss\Act1_miniboss\Bullet</Filter>
    </ClCompile>
    <ClCompile Include="mB_Ldeath.cpp">
      <Filter>Contents\Boss\Act1_miniboss\Dead</Filter>
    </ClCompile>
    <ClCompile Include="mB_Rdeath.cpp">
      <Filter>Contents\Boss\Act1_miniboss\Dead</Filter>
    </ClCompile>
    <ClCompile Include="jk_Act1_3_BG.cpp">
      <Filter>Contents\BG\PlayBG\BG_act1-3</Filter>
    </ClCompile>
    <ClCompile Include="jk_PlayScene3.cpp">
      <Filter>Contents\Scene\Playgame\Act1-3</Filter>
    </ClCompile>
    <ClCompile Include="jk_Last_Bridge.cpp">
      <Filter>Contents\BG\PlayBG\Event_bg\Last_Bridge</Filter>
    </ClCompile>
    <ClCompile Include="Bullet_Act1_L_DIA.cpp">
      <Filter>Contents\Boss\Act1_boss\BaseBullet</Filter>
    </ClCompile>
    <ClCompile Include="Bullet_Act1_L_Side.cpp">
      <Filter>Contents\Boss\Act1_boss\BaseBullet</Filter>
    </ClCompile>
    <ClCompile Include="Bullet_Act1_R_DIA.cpp">
      <Filter>Contents\Boss\Act1_boss\BaseBullet</Filter>
    </ClCompile>
    <ClCompile Include="Bullet_Act1_R_Side.cpp">
      <Filter>Contents\Boss\Act1_boss\BaseBullet</Filter>
    </ClCompile>
    <ClCompile Include="bullet_wall.cpp">
      <Filter>Contents\Boss\Act1_boss\BaseBullet</Filter>
    </ClCompile>
    <ClCompile Include="Jeepline_play.cpp">
      <Filter>Contents\BG\PlayBG\Event_bg\JEEP_line</Filter>
    </ClCompile>
    <ClCompile Include="jk_check_circle.cpp">
      <Filter>Contents\BG\PlayBG\Circle_check\Act1-2</Filter>
    </ClCompile>
    <ClCompile Include="jk_Water_effect.cpp">
      <Filter>Contents\BG\PlayBG\Event_bg\Water-Effect</Filter>
    </ClCompile>
    <ClCompile Include="Act1_2_sky1.cpp">
      <Filter>Contents\BG\PlayBG\BG_act1-2\act1-2~act1-3 foreground</Filter>
    </ClCompile>
    <ClCompile Include="Act1_2_sky2.cpp">
      <Filter>Contents\BG\PlayBG\BG_act1-2\act1-2~act1-3 foreground</Filter>
    </ClCompile>
    <ClCompile Include="Act1_2_sky3.cpp">
      <Filter>Contents\BG\PlayBG\BG_act1-2\act1-2~act1-3 foreground</Filter>
    </ClCompile>
    <ClCompile Include="Act1_2_sky4.cpp">
      <Filter>Contents\BG\PlayBG\BG_act1-2\act1-2~act1-3 foreground</Filter>
    </ClCompile>
    <ClCompile Include="Act1_2_sky5.cpp">
      <Filter>Contents\BG\PlayBG\BG_act1-2\act1-2~act1-3 foreground</Filter>
    </ClCompile>
    <ClCompile Include="acr1_forest2.cpp">
      <Filter>Contents\BG\PlayBG\BG_act1-1\foreground</Filter>
    </ClCompile>
    <ClCompile Include="act1_forest1.cpp">
      <Filter>Contents\BG\PlayBG\BG_act1-1\foreground</Filter>
    </ClCompile>
    <ClCompile Include="jk_Act1skyBG.cpp">
      <Filter>Contents\BG\PlayBG\BG_act1-1\foreground</Filter>
    </ClCompile>
    <ClCompile Include="jk_Sky.cpp">
      <Filter>Contents\BG\PlayBG\BG_act1-1\foreground</Filter>
    </ClCompile>
    <ClCompile Include="midlesky.cpp">
      <Filter>Contents\BG\PlayBG\BG_act1-1\foreground</Filter>
    </ClCompile>
    <ClCompile Include="jk_Act1_Water.cpp">
      <Filter>Contents\BG\PlayBG\BG_act1-1\water</Filter>
    </ClCompile>
    <ClCompile Include="act1_waterfall1.cpp">
      <Filter>Contents\BG\PlayBG\BG_act1-1\Animation_bg</Filter>
    </ClCompile>
    <ClCompile Include="act1_waterfall2.cpp">
      <Filter>Contents\BG\PlayBG\BG_act1-1\Animation_bg</Filter>
    </ClCompile>
    <ClCompile Include="act1_waterfall3.cpp">
      <Filter>Contents\BG\PlayBG\BG_act1-1\Animation_bg</Filter>
    </ClCompile>
    <ClCompile Include="act1_flower1.cpp">
      <Filter>Contents\BG\PlayBG\BG_act1-1\Animation_bg</Filter>
    </ClCompile>
    <ClCompile Include="act1_flower2.cpp">
      <Filter>Contents\BG\PlayBG\BG_act1-1\Animation_bg</Filter>
    </ClCompile>
    <ClCompile Include="act2_waterfall1.cpp">
      <Filter>Contents\BG\PlayBG\BG_act1-2\Animation\Waterfall</Filter>
    </ClCompile>
    <ClCompile Include="act2_waterfall_2.cpp">
      <Filter>Contents\BG\PlayBG\BG_act1-2\Animation\Waterfall</Filter>
    </ClCompile>
    <ClCompile Include="act2_waterfall3.cpp">
      <Filter>Contents\BG\PlayBG\BG_act1-2\Animation\Waterfall</Filter>
    </ClCompile>
    <ClCompile Include="act3_waterfall1.cpp">
      <Filter>Contents\BG\PlayBG\BG_act1-3\Animation</Filter>
    </ClCompile>
    <ClCompile Include="act2_water.cpp">
      <Filter>Contents\BG\PlayBG\BG_act1-2\Animation</Filter>
    </ClCompile>
    <ClCompile Include="jk_Act6_BG.cpp">
      <Filter>Contents\BG\PlayBG\BG_act6</Filter>
    </ClCompile>
    <ClCompile Include="jk_PlayScene4.cpp">
      <Filter>Contents\Scene\Playgame\Act6</Filter>
    </ClCompile>
    <ClCompile Include="act6_sky1.cpp">
      <Filter>Contents\BG\PlayBG\BG_act6\foreground</Filter>
    </ClCompile>
    <ClCompile Include="act6_sky2.cpp">
      <Filter>Contents\BG\PlayBG\BG_act6\foreground</Filter>
    </ClCompile>
    <ClCompile Include="act6_sky3.cpp">
      <Filter>Contents\BG\PlayBG\BG_act6\foreground</Filter>
    </ClCompile>
    <ClCompile Include="act6_sky4.cpp">
      <Filter>Contents\BG\PlayBG\BG_act6\foreground</Filter>
    </ClCompile>
    <ClCompile Include="act6_sky5.cpp">
      <Filter>Contents\BG\PlayBG\BG_act6\foreground</Filter>
    </ClCompile>
    <ClCompile Include="act6_sky6.cpp">
      <Filter>Contents\BG\PlayBG\BG_act6\foreground</Filter>
    </ClCompile>
    <ClCompile Include="act6_sky7.cpp">
      <Filter>Contents\BG\PlayBG\BG_act6\foreground</Filter>
    </ClCompile>
    <ClCompile Include="Boss_Run.cpp">
      <Filter>Contents\Boss\Act1_boss</Filter>
    </ClCompile>
    <ClCompile Include="Boss_act1_boomb.cpp">
      <Filter>Contents\Boss\Act1_boss\boss_dead_effect</Filter>
    </ClCompile>
    <ClCompile Include="boss_come.cpp">
      <Filter>Contents\Boss\Act6_boss_first</Filter>
    </ClCompile>
    <ClCompile Include="boss1_body.cpp">
      <Filter>Contents\Boss\Act6_boss_first</Filter>
    </ClCompile>
    <ClCompile Include="boss1_object.cpp">
      <Filter>Contents\Boss\Act6_boss_first</Filter>
    </ClCompile>
    <ClCompile Include="act6_bullet1.cpp">
      <Filter>Contents\Boss\Act6_boss_first</Filter>
    </ClCompile>
    <ClCompile Include="Robotnic_machine.cpp">
      <Filter>Contents\Item\Fly_machine</Filter>
    </ClCompile>
    <ClCompile Include="finall_stage.cpp">
      <Filter>Contents\Boss\Act6_ Finall_Stage</Filter>
    </ClCompile>
  </ItemGroup>
</Project>